PODS:
  - MJRefresh (3.1.0)
  - SDWebImage (3.7.6):
    - SDWebImage/Core (= 3.7.6)
  - SDWebImage/Core (3.7.6)
  - SwiftyJSON (2.3.2)
  - YLProgressBar (3.8.1)

DEPENDENCIES:
  - MJRefresh
  - SDWebImage
  - SwiftyJSON (from `https://github.com/SwiftyJSON/SwiftyJSON.git`)
  - YLProgressBar

EXTERNAL SOURCES:
  SwiftyJSON:
    :git: https://github.com/SwiftyJSON/SwiftyJSON.git

CHECKOUT OPTIONS:
  SwiftyJSON:
    :commit: 2a5b70f06001316d4fb54501edc70b4084705da0
    :git: https://github.com/SwiftyJSON/SwiftyJSON.git

SPEC CHECKSUMS:
  MJRefresh: 743e6404967d1c2c688472ea3ecfde247d872db4
  SDWebImage: c325cf02c30337336b95beff20a13df489ec0ec9
  SwiftyJSON: 04ccea08915aa0109039157c7974cf0298da292a
  YLProgressBar: c6699d75d58042377132c9301d3ab8fd0204937d

COCOAPODS: 0.39.0
